
Microsoft Visual Studio Solution File, Format Version 12.00
# Visual Studio Version 16
VisualStudioVersion = 16.0.32002.261
MinimumVisualStudioVersion = 10.0.40219.1
Project("{FAE04EC0-301F-11D3-BF4B-00C04F79EFBC}") = "ParaPharmacie_V2", "ParaPharmacie_V2\ParaPharmacie_V2.csproj", "{311F23D2-EE77-450F-A741-14A333173C43}"
EndProject
Global
	GlobalSection(SolutionConfigurationPlatforms) = preSolution
		Debug|Any CPU = Debug|Any CPU
		Release|Any CPU = Release|Any CPU
	EndGlobalSection
	GlobalSection(ProjectConfigurationPlatforms) = postSolution
		{311F23D2-EE77-450F-A741-14A333173C43}.Debug|Any CPU.ActiveCfg = Debug|Any CPU
		{311F23D2-EE77-450F-A741-14A333173C43}.Debug|Any CPU.Build.0 = Debug|Any CPU
		{311F23D2-EE77-450F-A741-14A333173C43}.Release|Any CPU.ActiveCfg = Release|Any CPU
		{311F23D2-EE77-450F-A741-14A333173C43}.Release|Any CPU.Build.0 = Release|Any CPU
	EndGlobalSection
	GlobalSection(SolutionProperties) = preSolution
		HideSolutionNode = FALSE
	EndGlobalSection
	GlobalSection(ExtensibilityGlobals) = postSolution
		SolutionGuid = {E90BCCD7-4A92-4F6B-9BE1-23C46C255D83}
	EndGlobalSection
EndGlobal
